NeoBundleLock CSApprox 96df9ee9bcdab8e34c50ca6255d4c39243682e1f
NeoBundleLock HTML-AutoCloseTag 96df9ee9bcdab8e34c50ca6255d4c39243682e1f
NeoBundleLock YouCompleteMe 88abc4fc8c85fb4c12db39ca662edfa73ddf5fc5
NeoBundleLock auto-pairs 96df9ee9bcdab8e34c50ca6255d4c39243682e1f
NeoBundleLock base16-vim 98aa775c5fd9156ada4f912a9af41f1c020da55d
NeoBundleLock ctrlp-py-matcher 96df9ee9bcdab8e34c50ca6255d4c39243682e1f
NeoBundleLock ctrlp.vim 96df9ee9bcdab8e34c50ca6255d4c39243682e1f
NeoBundleLock delimitmate 8bc47fd1c40cdad9ea1f36c0cf13592c70ea65e9
NeoBundleLock emmet-vim 96df9ee9bcdab8e34c50ca6255d4c39243682e1f
NeoBundleLock grep.vim 96df9ee9bcdab8e34c50ca6255d4c39243682e1f
NeoBundleLock indentLine 96df9ee9bcdab8e34c50ca6255d4c39243682e1f
NeoBundleLock jedi-vim 96df9ee9bcdab8e34c50ca6255d4c39243682e1f
NeoBundleLock neobundle.vim 30c40ccbfc6371fb922eece6e0657eb5da9e479b
NeoBundleLock nerdtree 96df9ee9bcdab8e34c50ca6255d4c39243682e1f
NeoBundleLock supertab 66511772a430a5eaad7f7d03dbb02e8f33c4a641
NeoBundleLock syntastic 96df9ee9bcdab8e34c50ca6255d4c39243682e1f
NeoBundleLock tagbar 96df9ee9bcdab8e34c50ca6255d4c39243682e1f
NeoBundleLock ultisnips 96df9ee9bcdab8e34c50ca6255d4c39243682e1f
NeoBundleLock vim-airline 7b9b68f15dc50ef3c6382bd9df3a5e70c9ddcee9
NeoBundleLock vim-airline-themes 796478723c01a275269b96f63ee5cd5b44a342f4
NeoBundleLock vim-bootstrap-updater 96df9ee9bcdab8e34c50ca6255d4c39243682e1f
NeoBundleLock vim-coloresque 96df9ee9bcdab8e34c50ca6255d4c39243682e1f
NeoBundleLock vim-commentary 96df9ee9bcdab8e34c50ca6255d4c39243682e1f
NeoBundleLock vim-css3-syntax 96df9ee9bcdab8e34c50ca6255d4c39243682e1f
NeoBundleLock vim-fugitive 96df9ee9bcdab8e34c50ca6255d4c39243682e1f
NeoBundleLock vim-gitgutter 96df9ee9bcdab8e34c50ca6255d4c39243682e1f
NeoBundleLock vim-haml 96df9ee9bcdab8e34c50ca6255d4c39243682e1f
NeoBundleLock vim-misc 96df9ee9bcdab8e34c50ca6255d4c39243682e1f
NeoBundleLock vim-nerdtree-tabs 96df9ee9bcdab8e34c50ca6255d4c39243682e1f
NeoBundleLock vim-polyglot 96df9ee9bcdab8e34c50ca6255d4c39243682e1f
NeoBundleLock vim-session 96df9ee9bcdab8e34c50ca6255d4c39243682e1f
NeoBundleLock vim-snippets 96df9ee9bcdab8e34c50ca6255d4c39243682e1f
NeoBundleLock vim-trailing-whitespace 96df9ee9bcdab8e34c50ca6255d4c39243682e1f
NeoBundleLock vimproc.vim 96df9ee9bcdab8e34c50ca6255d4c39243682e1f
NeoBundleLock vimshell.vim 96df9ee9bcdab8e34c50ca6255d4c39243682e1f
