NeoBundleLock CSApprox a2958096696f9132ef0ece44b3fab93dac6df8d0
NeoBundleLock HTML-AutoCloseTag c2f6f59cf5c08dd487ef361f93ba09317a840e25
NeoBundleLock YouCompleteMe 7f419101feb01f32bc1595798291e9cd5143948b
NeoBundleLock auto-pairs 5979999a17c7330abfe1d73fd3c8d72f09d77334
NeoBundleLock base16-vim e711e9b1412b55fec7e8a5cff4ac5c06f9078729
NeoBundleLock ctrlp-py-matcher 8a803267a741cff3d6147650745f83c8f2125578
NeoBundleLock ctrlp.vim 2ecc721af2d3061bd5698a195ada29ed962118f0
NeoBundleLock delimitmate 8bc47fd1c40cdad9ea1f36c0cf13592c70ea65e9
NeoBundleLock emmet-vim 0b4310353ad70c601fb73feeb769ee6d2269af41
NeoBundleLock grep.vim 852ddb0c6590bbc41c508d7f5d2fc17112492def
NeoBundleLock indentLine 2a2617310b0fb4c0daf02be2ba465fada257f2d0
NeoBundleLock jedi-vim a0c3269420d21e48cdad77c832e2da4a290b3cb4
NeoBundleLock neobundle.vim 6bf4fa1cf3cebfed76f5e300949faef0b78fbfbc
NeoBundleLock nerdtree 4ebbb533c3faf2c480211db2b547972bb3b60f2b
NeoBundleLock supertab 66511772a430a5eaad7f7d03dbb02e8f33c4a641
NeoBundleLock syntastic eb2b9cfcd9f5d7cb0e5b3509e4ebceff95948d2a
NeoBundleLock tagbar 7b36c46d17d57db34fdb0adac9ba6382d0bb5e66
NeoBundleLock ultisnips 8250d33bca4bef285c1603756621e4e312540cac
NeoBundleLock vim-airline 81b58028f0131ae942fe81dceb6d40abf4f25b93
NeoBundleLock vim-airline-themes ff7a287321c89f47af61ce22ac4a1222f92a30b3
NeoBundleLock vim-bootstrap-updater 0a1ad97c89e2b5579f67568e8737c269b96f9e27
NeoBundleLock vim-coloresque 0c21b1469993e610600e88e734ffe90b9c10a514
NeoBundleLock vim-commentary 73e0d9a9d1f51b6cc9dc965f62669194ae851cb1
NeoBundleLock vim-css3-syntax 69129fdb5af4112b11807f5ec20f990d38cc9f69
NeoBundleLock vim-fugitive bdd216827ae53cdf70d933bb30762da9bf42cad4
NeoBundleLock vim-gitgutter 4bed1da6486f26324f97307e0f20574af0f549ea
NeoBundleLock vim-haml 1f2e47c78c2faf90ff419c2f4e1241094844678c
NeoBundleLock vim-misc 3e6b8fb6f03f13434543ce1f5d24f6a5d3f34f0b
NeoBundleLock vim-nerdtree-tabs 0decec122e9bb3e9328b01fa20a9650e79cc6ca7
NeoBundleLock vim-polyglot b0823d20685d0c03e70de3abfc85d79a8188d292
NeoBundleLock vim-session 9e9a6088f0554f6940c19889d0b2a8f39d13f2bb
NeoBundleLock vim-snippets 79c137c550c62cc1aa3788525e23a36ff9c39112
NeoBundleLock vim-trailing-whitespace 733fb64337b6da4a51c85a43450cd620d8b617b5
NeoBundleLock vimproc.vim b05d30228ecb97acc2b398cca34b230092722268
NeoBundleLock vimshell.vim bdcd197b701734a743903c7547e9f56842701614
