NeoBundleLock CSApprox a2958096696f9132ef0ece44b3fab93dac6df8d0
NeoBundleLock HTML-AutoCloseTag c2f6f59cf5c08dd487ef361f93ba09317a840e25
NeoBundleLock YouCompleteMe 6a81436bd83d174f63c5691e1a9eb24470108942
NeoBundleLock auto-pairs 5979999a17c7330abfe1d73fd3c8d72f09d77334
NeoBundleLock base16-vim e711e9b1412b55fec7e8a5cff4ac5c06f9078729
NeoBundleLock ctrlp-py-matcher 8a803267a741cff3d6147650745f83c8f2125578
NeoBundleLock ctrlp.vim 28fce0fb860fe8df0915da1de1fb6e90d6ab2edc
NeoBundleLock delimitmate 8bc47fd1c40cdad9ea1f36c0cf13592c70ea65e9
NeoBundleLock emmet-vim e42c07978eec3631853996a312229569df83b277
NeoBundleLock grep.vim 852ddb0c6590bbc41c508d7f5d2fc17112492def
NeoBundleLock indentLine 2a2617310b0fb4c0daf02be2ba465fada257f2d0
NeoBundleLock jedi-vim a0c3269420d21e48cdad77c832e2da4a290b3cb4
NeoBundleLock neobundle.vim 6bf4fa1cf3cebfed76f5e300949faef0b78fbfbc
NeoBundleLock nerdtree 15445be5fb2559829ac7a1f05af5d713586e8ec9
NeoBundleLock supertab 66511772a430a5eaad7f7d03dbb02e8f33c4a641
NeoBundleLock syntastic c2c6a075113adbfcc4f1ad5b1c0200a0d35ceeb6
NeoBundleLock tagbar 7b36c46d17d57db34fdb0adac9ba6382d0bb5e66
NeoBundleLock ultisnips b5edea2e998ae6c62517c7ed3e4c57b652537141
NeoBundleLock vim-airline 99cd26cda43aee42202a4d7581fb5d0d201c2baa
NeoBundleLock vim-airline-themes bf0be1d52997b0325b7fdda9e78f7ef280988827
NeoBundleLock vim-bootstrap-updater 0a1ad97c89e2b5579f67568e8737c269b96f9e27
NeoBundleLock vim-coloresque 0c21b1469993e610600e88e734ffe90b9c10a514
NeoBundleLock vim-commentary 73e0d9a9d1f51b6cc9dc965f62669194ae851cb1
NeoBundleLock vim-css3-syntax 69129fdb5af4112b11807f5ec20f990d38cc9f69
NeoBundleLock vim-fugitive 3439f999b138254e4bb56187fc91f91f545b4b12
NeoBundleLock vim-gitgutter 264d7f3a66806188d591e52df7a3865f035cbc2c
NeoBundleLock vim-haml 1f2e47c78c2faf90ff419c2f4e1241094844678c
NeoBundleLock vim-misc 3e6b8fb6f03f13434543ce1f5d24f6a5d3f34f0b
NeoBundleLock vim-nerdtree-tabs 0decec122e9bb3e9328b01fa20a9650e79cc6ca7
NeoBundleLock vim-polyglot 22f6f3b6d39a69a32c0c56ac4ff87b9ba64c1fb3
NeoBundleLock vim-session 9e9a6088f0554f6940c19889d0b2a8f39d13f2bb
NeoBundleLock vim-snippets f84d1efb5f1225f9898a8bc62e42835b6fa73384
NeoBundleLock vim-trailing-whitespace 733fb64337b6da4a51c85a43450cd620d8b617b5
NeoBundleLock vimproc.vim 0ff17bc0725cd0323df87664fa02b1436349f667
NeoBundleLock vimshell.vim bdcd197b701734a743903c7547e9f56842701614
